
Microsoft Visual Studio Solution File, Format Version 12.00
# Visual Studio Version 16
VisualStudioVersion = 16.0.30114.105
MinimumVisualStudioVersion = 10.0.40219.1
Project("{FAE04EC0-301F-11D3-BF4B-00C04F79EFBC}") = "Luxuryphile.CORE", "Luxuryphile.CORE\Luxuryphile.CORE.csproj", "{8521A99C-19EB-4A31-B559-E1409FE7EF24}"
EndProject
Project("{FAE04EC0-301F-11D3-BF4B-00C04F79EFBC}") = "Luxuryphile.Web", "Luxuryphile.Web\Luxuryphile.Web.csproj", "{E30CE79D-771A-44BF-BA1D-844254A9D1B0}"
EndProject
Project("{FAE04EC0-301F-11D3-BF4B-00C04F79EFBC}") = "Luxuryphile.Print", "Luxuryphile.Print\Luxuryphile.Print.csproj", "{A8295FDA-F838-4B8A-9DE1-AFDF92483038}"
EndProject
Project("{2150E333-8FDC-42A3-9474-1A3956D46DE8}") = "Blazor", "Blazor", "{970D2216-95DD-4BFF-8265-1B6FAAD40CA8}"
EndProject
Project("{FAE04EC0-301F-11D3-BF4B-00C04F79EFBC}") = "Luxuryphile.BlazorWasm", "Luxuryphile.BlazorWasm\Luxuryphile.BlazorWasm.csproj", "{B58AA21E-AE8D-4C00-A91E-17E0D69E7D93}"
EndProject
Project("{FAE04EC0-301F-11D3-BF4B-00C04F79EFBC}") = "Luxuryphile.RazorWithBlazorWasm", "Luxuryphile.RazorWithBlazorWasm\Luxuryphile.RazorWithBlazorWasm.csproj", "{539A6789-E071-4C4D-80DD-1A5098B6A3D9}"
EndProject
Project("{FAE04EC0-301F-11D3-BF4B-00C04F79EFBC}") = "Luxuryphile.BlazorLib", "Luxuryphile.BlazorLib\Luxuryphile.BlazorLib.csproj", "{ADA621A6-452C-4BDE-A21E-1E3A602105DE}"
EndProject
Global
	GlobalSection(SolutionConfigurationPlatforms) = preSolution
		Debug|Any CPU = Debug|Any CPU
		Release|Any CPU = Release|Any CPU
	EndGlobalSection
	GlobalSection(ProjectConfigurationPlatforms) = postSolution
		{8521A99C-19EB-4A31-B559-E1409FE7EF24}.Debug|Any CPU.ActiveCfg = Debug|Any CPU
		{8521A99C-19EB-4A31-B559-E1409FE7EF24}.Debug|Any CPU.Build.0 = Debug|Any CPU
		{8521A99C-19EB-4A31-B559-E1409FE7EF24}.Release|Any CPU.ActiveCfg = Release|Any CPU
		{8521A99C-19EB-4A31-B559-E1409FE7EF24}.Release|Any CPU.Build.0 = Release|Any CPU
		{E30CE79D-771A-44BF-BA1D-844254A9D1B0}.Debug|Any CPU.ActiveCfg = Debug|Any CPU
		{E30CE79D-771A-44BF-BA1D-844254A9D1B0}.Debug|Any CPU.Build.0 = Debug|Any CPU
		{E30CE79D-771A-44BF-BA1D-844254A9D1B0}.Release|Any CPU.ActiveCfg = Release|Any CPU
		{E30CE79D-771A-44BF-BA1D-844254A9D1B0}.Release|Any CPU.Build.0 = Release|Any CPU
		{A8295FDA-F838-4B8A-9DE1-AFDF92483038}.Debug|Any CPU.ActiveCfg = Debug|Any CPU
		{A8295FDA-F838-4B8A-9DE1-AFDF92483038}.Debug|Any CPU.Build.0 = Debug|Any CPU
		{A8295FDA-F838-4B8A-9DE1-AFDF92483038}.Release|Any CPU.ActiveCfg = Release|Any CPU
		{A8295FDA-F838-4B8A-9DE1-AFDF92483038}.Release|Any CPU.Build.0 = Release|Any CPU
		{B58AA21E-AE8D-4C00-A91E-17E0D69E7D93}.Debug|Any CPU.ActiveCfg = Debug|Any CPU
		{B58AA21E-AE8D-4C00-A91E-17E0D69E7D93}.Debug|Any CPU.Build.0 = Debug|Any CPU
		{B58AA21E-AE8D-4C00-A91E-17E0D69E7D93}.Release|Any CPU.ActiveCfg = Release|Any CPU
		{B58AA21E-AE8D-4C00-A91E-17E0D69E7D93}.Release|Any CPU.Build.0 = Release|Any CPU
		{539A6789-E071-4C4D-80DD-1A5098B6A3D9}.Debug|Any CPU.ActiveCfg = Debug|Any CPU
		{539A6789-E071-4C4D-80DD-1A5098B6A3D9}.Debug|Any CPU.Build.0 = Debug|Any CPU
		{539A6789-E071-4C4D-80DD-1A5098B6A3D9}.Release|Any CPU.ActiveCfg = Release|Any CPU
		{539A6789-E071-4C4D-80DD-1A5098B6A3D9}.Release|Any CPU.Build.0 = Release|Any CPU
		{ADA621A6-452C-4BDE-A21E-1E3A602105DE}.Debug|Any CPU.ActiveCfg = Debug|Any CPU
		{ADA621A6-452C-4BDE-A21E-1E3A602105DE}.Debug|Any CPU.Build.0 = Debug|Any CPU
		{ADA621A6-452C-4BDE-A21E-1E3A602105DE}.Release|Any CPU.ActiveCfg = Release|Any CPU
		{ADA621A6-452C-4BDE-A21E-1E3A602105DE}.Release|Any CPU.Build.0 = Release|Any CPU
	EndGlobalSection
	GlobalSection(SolutionProperties) = preSolution
		HideSolutionNode = FALSE
	EndGlobalSection
	GlobalSection(ExtensibilityGlobals) = postSolution
		SolutionGuid = {01D85036-806E-4C68-B0DF-BB790AF53AA8}
	EndGlobalSection
	GlobalSection(NestedProjects) = preSolution
		{B58AA21E-AE8D-4C00-A91E-17E0D69E7D93} = {970D2216-95DD-4BFF-8265-1B6FAAD40CA8}
		{539A6789-E071-4C4D-80DD-1A5098B6A3D9} = {970D2216-95DD-4BFF-8265-1B6FAAD40CA8}
		{ADA621A6-452C-4BDE-A21E-1E3A602105DE} = {970D2216-95DD-4BFF-8265-1B6FAAD40CA8}
	EndGlobalSection
EndGlobal
